
Microsoft Visual Studio Solution File, Format Version 12.00
# Visual Studio Version 16
VisualStudioVersion = 16.0.29806.167
MinimumVisualStudioVersion = 10.0.40219.1
Project("{FAE04EC0-301F-11D3-BF4B-00C04F79EFBC}") = "University", "University\University.csproj", "{7B7F84EA-0A5A-4715-AA6E-7B0153C4117F}"
EndProject
Global
	GlobalSection(SolutionConfigurationPlatforms) = preSolution
		Debug|Any CPU = Debug|Any CPU
		Release|Any CPU = Release|Any CPU
	EndGlobalSection
	GlobalSection(ProjectConfigurationPlatforms) = postSolution
		{7B7F84EA-0A5A-4715-AA6E-7B0153C4117F}.Debug|Any CPU.ActiveCfg = Debug|Any CPU
		{7B7F84EA-0A5A-4715-AA6E-7B0153C4117F}.Debug|Any CPU.Build.0 = Debug|Any CPU
		{7B7F84EA-0A5A-4715-AA6E-7B0153C4117F}.Release|Any CPU.ActiveCfg = Release|Any CPU
		{7B7F84EA-0A5A-4715-AA6E-7B0153C4117F}.Release|Any CPU.Build.0 = Release|Any CPU
	EndGlobalSection
	GlobalSection(SolutionProperties) = preSolution
		HideSolutionNode = FALSE
	EndGlobalSection
	GlobalSection(ExtensibilityGlobals) = postSolution
		SolutionGuid = {1F6ACA78-78BC-4867-9ED0-6CF8EBA13D8E}
	EndGlobalSection
EndGlobal
